
Microsoft Visual Studio Solution File, Format Version 12.00
# Visual Studio Version 17
VisualStudioVersion = 17.6.33712.159
MinimumVisualStudioVersion = 10.0.40219.1
Project("{FAE04EC0-301F-11D3-BF4B-00C04F79EFBC}") = "projectteamun", "projectteamun.csproj", "{96637400-660A-4E1E-824F-4980D1B237A1}"
EndProject
Global
	GlobalSection(SolutionConfigurationPlatforms) = preSolution
		Debug|Any CPU = Debug|Any CPU
		Release|Any CPU = Release|Any CPU
	EndGlobalSection
	GlobalSection(ProjectConfigurationPlatforms) = postSolution
		{96637400-660A-4E1E-824F-4980D1B237A1}.Debug|Any CPU.ActiveCfg = Debug|Any CPU
		{96637400-660A-4E1E-824F-4980D1B237A1}.Debug|Any CPU.Build.0 = Debug|Any CPU
		{96637400-660A-4E1E-824F-4980D1B237A1}.Release|Any CPU.ActiveCfg = Release|Any CPU
		{96637400-660A-4E1E-824F-4980D1B237A1}.Release|Any CPU.Build.0 = Release|Any CPU
	EndGlobalSection
	GlobalSection(SolutionProperties) = preSolution
		HideSolutionNode = FALSE
	EndGlobalSection
	GlobalSection(ExtensibilityGlobals) = postSolution
		SolutionGuid = {87A98C92-E9A6-4C0F-8727-2BE540C94AC5}
	EndGlobalSection
EndGlobal
